// !$*UTF8*$!
{
	archiveVersion = 1;
	classes = {
	};
	objectVersion = 46;
	objects = {

/* Begin PBXBuildFile section */
		4B1D72551DBD936500A1EA53 /* YelpCell.swift in Sources */ = {isa = PBXBuildFile; fileRef = 4B1D72541DBD936500A1EA53 /* YelpCell.swift */; };
		4B1D72571DBDB7C400A1EA53 /* YelpAPI.swift in Sources */ = {isa = PBXBuildFile; fileRef = 4B1D72561DBDB7C400A1EA53 /* YelpAPI.swift */; };
		4B1D725D1DBDCBB100A1EA53 /* AccessToken.swift in Sources */ = {isa = PBXBuildFile; fileRef = 4B1D725C1DBDCBB100A1EA53 /* AccessToken.swift */; };
		4B1D72601DBDCF6400A1EA53 /* UserDefaultsWrapper.swift in Sources */ = {isa = PBXBuildFile; fileRef = 4B1D725F1DBDCF6400A1EA53 /* UserDefaultsWrapper.swift */; };
		4B1D72651DBEFE8700A1EA53 /* Category.swift in Sources */ = {isa = PBXBuildFile; fileRef = 4B1D72641DBEFE8700A1EA53 /* Category.swift */; };
		4B1D72671DBEFEDF00A1EA53 /* Coordinates.swift in Sources */ = {isa = PBXBuildFile; fileRef = 4B1D72661DBEFEDF00A1EA53 /* Coordinates.swift */; };
		4B1F33231DBEFF39003A0579 /* Location.swift in Sources */ = {isa = PBXBuildFile; fileRef = 4B1F33221DBEFF39003A0579 /* Location.swift */; };
		4B1F33271DBF09D3003A0579 /* YelpClient.swift in Sources */ = {isa = PBXBuildFile; fileRef = 4B1F33261DBF09D3003A0579 /* YelpClient.swift */; };
		4B1F332C1DBF0AA0003A0579 /* Business.swift in Sources */ = {isa = PBXBuildFile; fileRef = 4B1F332B1DBF0AA0003A0579 /* Business.swift */; };
		4B1F332F1DBF0C48003A0579 /* UIImageView.swift in Sources */ = {isa = PBXBuildFile; fileRef = 4B1F332E1DBF0C48003A0579 /* UIImageView.swift */; };
		4B1F33311DBF193E003A0579 /* FiltersTableViewController.swift in Sources */ = {isa = PBXBuildFile; fileRef = 4B1F33301DBF193E003A0579 /* FiltersTableViewController.swift */; };
		4B30A9501DC4222500A03867 /* DealCell.swift in Sources */ = {isa = PBXBuildFile; fileRef = 4B30A94F1DC4222500A03867 /* DealCell.swift */; };
		4B30A9531DC4278D00A03867 /* SortCell.swift in Sources */ = {isa = PBXBuildFile; fileRef = 4B30A9521DC4278D00A03867 /* SortCell.swift */; };
		4B30A9551DC42A4C00A03867 /* DistanceCell.swift in Sources */ = {isa = PBXBuildFile; fileRef = 4B30A9541DC42A4C00A03867 /* DistanceCell.swift */; };
		4B30A9571DC42D6500A03867 /* CategoryCell.swift in Sources */ = {isa = PBXBuildFile; fileRef = 4B30A9561DC42D6500A03867 /* CategoryCell.swift */; };
		4B30A95A1DC430CB00A03867 /* YelpCellType.swift in Sources */ = {isa = PBXBuildFile; fileRef = 4B30A9591DC430CB00A03867 /* YelpCellType.swift */; };
		4B30A95D1DC4372400A03867 /* CategoryDetailCell.swift in Sources */ = {isa = PBXBuildFile; fileRef = 4B30A95C1DC4372400A03867 /* CategoryDetailCell.swift */; };
		4B30A95F1DC4374100A03867 /* DistanceDetailCell.swift in Sources */ = {isa = PBXBuildFile; fileRef = 4B30A95E1DC4374100A03867 /* DistanceDetailCell.swift */; };
		4B30A9611DC4374E00A03867 /* SortDetailCell.swift in Sources */ = {isa = PBXBuildFile; fileRef = 4B30A9601DC4374E00A03867 /* SortDetailCell.swift */; };
		4B30A9631DC486AB00A03867 /* YelpFilter.swift in Sources */ = {isa = PBXBuildFile; fileRef = 4B30A9621DC486AB00A03867 /* YelpFilter.swift */; };
		4B30A9651DC4885600A03867 /* StringExtensions.swift in Sources */ = {isa = PBXBuildFile; fileRef = 4B30A9641DC4885600A03867 /* StringExtensions.swift */; };
		4BC92FB01DBC1D72009B08A6 /* AppDelegate.swift in Sources */ = {isa = PBXBuildFile; fileRef = 4BC92FAF1DBC1D72009B08A6 /* AppDelegate.swift */; };
		4BC92FB21DBC1D72009B08A6 /* YelpViewController.swift in Sources */ = {isa = PBXBuildFile; fileRef = 4BC92FB11DBC1D72009B08A6 /* YelpViewController.swift */; };
		4BC92FB51DBC1D72009B08A6 /* Main.storyboard in Resources */ = {isa = PBXBuildFile; fileRef = 4BC92FB31DBC1D72009B08A6 /* Main.storyboard */; };
		4BC92FB71DBC1D72009B08A6 /* Assets.xcassets in Resources */ = {isa = PBXBuildFile; fileRef = 4BC92FB61DBC1D72009B08A6 /* Assets.xcassets */; };
		4BC92FBA1DBC1D72009B08A6 /* LaunchScreen.storyboard in Resources */ = {isa = PBXBuildFile; fileRef = 4BC92FB81DBC1D72009B08A6 /* LaunchScreen.storyboard */; };
		F5F273ACF25F0DB9F475EE9B /* Pods_Yelp_Search.framework in Frameworks */ = {isa = PBXBuildFile; fileRef = BE9870963A4E36A5C0D99F80 /* Pods_Yelp_Search.framework */; };
/* End PBXBuildFile section */

/* Begin PBXFileReference section */
		1F2A9065542F35ADF6FD1C0E /* Pods-Yelp-Search.release.xcconfig */ = {isa = PBXFileReference; includeInIndex = 1; lastKnownFileType = text.xcconfig; name = "Pods-Yelp-Search.release.xcconfig"; path = "Pods/Target Support Files/Pods-Yelp-Search/Pods-Yelp-Search.release.xcconfig"; sourceTree = "<group>"; };
		4B1D72541DBD936500A1EA53 /* YelpCell.swift */ = {isa = PBXFileReference; fileEncoding = 4; lastKnownFileType = sourcecode.swift; path = YelpCell.swift; sourceTree = "<group>"; };
		4B1D72561DBDB7C400A1EA53 /* YelpAPI.swift */ = {isa = PBXFileReference; fileEncoding = 4; lastKnownFileType = sourcecode.swift; path = YelpAPI.swift; sourceTree = "<group>"; };
		4B1D725C1DBDCBB100A1EA53 /* AccessToken.swift */ = {isa = PBXFileReference; fileEncoding = 4; lastKnownFileType = sourcecode.swift; path = AccessToken.swift; sourceTree = "<group>"; };
		4B1D725F1DBDCF6400A1EA53 /* UserDefaultsWrapper.swift */ = {isa = PBXFileReference; fileEncoding = 4; lastKnownFileType = sourcecode.swift; path = UserDefaultsWrapper.swift; sourceTree = "<group>"; };
		4B1D72641DBEFE8700A1EA53 /* Category.swift */ = {isa = PBXFileReference; fileEncoding = 4; lastKnownFileType = sourcecode.swift; path = Category.swift; sourceTree = "<group>"; };
		4B1D72661DBEFEDF00A1EA53 /* Coordinates.swift */ = {isa = PBXFileReference; fileEncoding = 4; lastKnownFileType = sourcecode.swift; path = Coordinates.swift; sourceTree = "<group>"; };
		4B1F33221DBEFF39003A0579 /* Location.swift */ = {isa = PBXFileReference; fileEncoding = 4; lastKnownFileType = sourcecode.swift; path = Location.swift; sourceTree = "<group>"; };
		4B1F33261DBF09D3003A0579 /* YelpClient.swift */ = {isa = PBXFileReference; fileEncoding = 4; lastKnownFileType = sourcecode.swift; path = YelpClient.swift; sourceTree = "<group>"; };
		4B1F332B1DBF0AA0003A0579 /* Business.swift */ = {isa = PBXFileReference; fileEncoding = 4; lastKnownFileType = sourcecode.swift; path = Business.swift; sourceTree = "<group>"; };
		4B1F332E1DBF0C48003A0579 /* UIImageView.swift */ = {isa = PBXFileReference; fileEncoding = 4; lastKnownFileType = sourcecode.swift; path = UIImageView.swift; sourceTree = "<group>"; };
		4B1F33301DBF193E003A0579 /* FiltersTableViewController.swift */ = {isa = PBXFileReference; fileEncoding = 4; lastKnownFileType = sourcecode.swift; path = FiltersTableViewController.swift; sourceTree = "<group>"; };
		4B30A94F1DC4222500A03867 /* DealCell.swift */ = {isa = PBXFileReference; fileEncoding = 4; lastKnownFileType = sourcecode.swift; path = DealCell.swift; sourceTree = "<group>"; };
		4B30A9521DC4278D00A03867 /* SortCell.swift */ = {isa = PBXFileReference; fileEncoding = 4; lastKnownFileType = sourcecode.swift; path = SortCell.swift; sourceTree = "<group>"; };
		4B30A9541DC42A4C00A03867 /* DistanceCell.swift */ = {isa = PBXFileReference; fileEncoding = 4; lastKnownFileType = sourcecode.swift; path = DistanceCell.swift; sourceTree = "<group>"; };
		4B30A9561DC42D6500A03867 /* CategoryCell.swift */ = {isa = PBXFileReference; fileEncoding = 4; lastKnownFileType = sourcecode.swift; path = CategoryCell.swift; sourceTree = "<group>"; };
		4B30A9591DC430CB00A03867 /* YelpCellType.swift */ = {isa = PBXFileReference; fileEncoding = 4; lastKnownFileType = sourcecode.swift; path = YelpCellType.swift; sourceTree = "<group>"; };
		4B30A95C1DC4372400A03867 /* CategoryDetailCell.swift */ = {isa = PBXFileReference; fileEncoding = 4; lastKnownFileType = sourcecode.swift; path = CategoryDetailCell.swift; sourceTree = "<group>"; };
		4B30A95E1DC4374100A03867 /* DistanceDetailCell.swift */ = {isa = PBXFileReference; fileEncoding = 4; lastKnownFileType = sourcecode.swift; path = DistanceDetailCell.swift; sourceTree = "<group>"; };
		4B30A9601DC4374E00A03867 /* SortDetailCell.swift */ = {isa = PBXFileReference; fileEncoding = 4; lastKnownFileType = sourcecode.swift; path = SortDetailCell.swift; sourceTree = "<group>"; };
		4B30A9621DC486AB00A03867 /* YelpFilter.swift */ = {isa = PBXFileReference; fileEncoding = 4; lastKnownFileType = sourcecode.swift; path = YelpFilter.swift; sourceTree = "<group>"; };
		4B30A9641DC4885600A03867 /* StringExtensions.swift */ = {isa = PBXFileReference; fileEncoding = 4; lastKnownFileType = sourcecode.swift; path = StringExtensions.swift; sourceTree = "<group>"; };
		4BC92FAC1DBC1D72009B08A6 /* Yelp-Search.app */ = {isa = PBXFileReference; explicitFileType = wrapper.application; includeInIndex = 0; path = "Yelp-Search.app"; sourceTree = BUILT_PRODUCTS_DIR; };
		4BC92FAF1DBC1D72009B08A6 /* AppDelegate.swift */ = {isa = PBXFileReference; lastKnownFileType = sourcecode.swift; path = AppDelegate.swift; sourceTree = "<group>"; };
		4BC92FB11DBC1D72009B08A6 /* YelpViewController.swift */ = {isa = PBXFileReference; lastKnownFileType = sourcecode.swift; path = YelpViewController.swift; sourceTree = "<group>"; };
		4BC92FB41DBC1D72009B08A6 /* Base */ = {isa = PBXFileReference; lastKnownFileType = file.storyboard; name = Base; path = Base.lproj/Main.storyboard; sourceTree = "<group>"; };
		4BC92FB61DBC1D72009B08A6 /* Assets.xcassets */ = {isa = PBXFileReference; lastKnownFileType = folder.assetcatalog; path = Assets.xcassets; sourceTree = "<group>"; };
		4BC92FB91DBC1D72009B08A6 /* Base */ = {isa = PBXFileReference; lastKnownFileType = file.storyboard; name = Base; path = Base.lproj/LaunchScreen.storyboard; sourceTree = "<group>"; };
		4BC92FBB1DBC1D72009B08A6 /* Info.plist */ = {isa = PBXFileReference; lastKnownFileType = text.plist.xml; path = Info.plist; sourceTree = "<group>"; };
		9DE65E620FF7004A338064CE /* Pods-Yelp-Search.debug.xcconfig */ = {isa = PBXFileReference; includeInIndex = 1; lastKnownFileType = text.xcconfig; name = "Pods-Yelp-Search.debug.xcconfig"; path = "Pods/Target Support Files/Pods-Yelp-Search/Pods-Yelp-Search.debug.xcconfig"; sourceTree = "<group>"; };
		BE9870963A4E36A5C0D99F80 /* Pods_Yelp_Search.framework */ = {isa = PBXFileReference; explicitFileType = wrapper.framework; includeInIndex = 0; path = Pods_Yelp_Search.framework; sourceTree = BUILT_PRODUCTS_DIR; };
/* End PBXFileReference section */

/* Begin PBXFrameworksBuildPhase section */
		4BC92FA91DBC1D72009B08A6 /* Frameworks */ = {
			isa = PBXFrameworksBuildPhase;
			buildActionMask = 2147483647;
			files = (
				F5F273ACF25F0DB9F475EE9B /* Pods_Yelp_Search.framework in Frameworks */,
			);
			runOnlyForDeploymentPostprocessing = 0;
		};
/* End PBXFrameworksBuildPhase section */

/* Begin PBXGroup section */
		4B1D72581DBDBC3300A1EA53 /* Networking */ = {
			isa = PBXGroup;
			children = (
				4B1D72561DBDB7C400A1EA53 /* YelpAPI.swift */,
				4B1F33261DBF09D3003A0579 /* YelpClient.swift */,
			);
			name = Networking;
			sourceTree = "<group>";
		};
		4B1D72591DBDBC4000A1EA53 /* ViewControllers */ = {
			isa = PBXGroup;
			children = (
				4BC92FB11DBC1D72009B08A6 /* YelpViewController.swift */,
				4B1F33301DBF193E003A0579 /* FiltersTableViewController.swift */,
			);
			name = ViewControllers;
			sourceTree = "<group>";
		};
		4B1D725A1DBDBC5100A1EA53 /* Cells */ = {
			isa = PBXGroup;
			children = (
				4B30A95B1DC430FA00A03867 /* configuration */,
				4B1D72541DBD936500A1EA53 /* YelpCell.swift */,
				4B30A94F1DC4222500A03867 /* DealCell.swift */,
				4B30A9521DC4278D00A03867 /* SortCell.swift */,
				4B30A9541DC42A4C00A03867 /* DistanceCell.swift */,
				4B30A9561DC42D6500A03867 /* CategoryCell.swift */,
				4B30A95C1DC4372400A03867 /* CategoryDetailCell.swift */,
				4B30A95E1DC4374100A03867 /* DistanceDetailCell.swift */,
				4B30A9601DC4374E00A03867 /* SortDetailCell.swift */,
			);
			name = Cells;
			sourceTree = "<group>";
		};
		4B1D725B1DBDC92E00A1EA53 /* Models */ = {
			isa = PBXGroup;
			children = (
				4B1D725C1DBDCBB100A1EA53 /* AccessToken.swift */,
				4B1D72641DBEFE8700A1EA53 /* Category.swift */,
				4B1D72661DBEFEDF00A1EA53 /* Coordinates.swift */,
				4B1F33221DBEFF39003A0579 /* Location.swift */,
				4B1F332B1DBF0AA0003A0579 /* Business.swift */,
			);
			name = Models;
			sourceTree = "<group>";
		};
		4B1D725E1DBDCF5700A1EA53 /* Utils */ = {
			isa = PBXGroup;
			children = (
				4B1D725F1DBDCF6400A1EA53 /* UserDefaultsWrapper.swift */,
			);
			name = Utils;
			sourceTree = "<group>";
		};
		4B1F332D1DBF0C3B003A0579 /* Extensions */ = {
			isa = PBXGroup;
			children = (
				4B1F332E1DBF0C48003A0579 /* UIImageView.swift */,
				4B30A9641DC4885600A03867 /* StringExtensions.swift */,
			);
			name = Extensions;
			sourceTree = "<group>";
		};
		4B30A95B1DC430FA00A03867 /* configuration */ = {
			isa = PBXGroup;
			children = (
				4B30A9591DC430CB00A03867 /* YelpCellType.swift */,
				4B30A9621DC486AB00A03867 /* YelpFilter.swift */,
			);
			name = configuration;
			sourceTree = "<group>";
		};
		4BC92FA31DBC1D72009B08A6 = {
			isa = PBXGroup;
			children = (
				4BC92FAE1DBC1D72009B08A6 /* Yelp-Search */,
				4BC92FAD1DBC1D72009B08A6 /* Products */,
				7753165B81F2403BE326F554 /* Pods */,
				96C11EC7F9ABD49CCAB914AE /* Frameworks */,
			);
			sourceTree = "<group>";
		};
		4BC92FAD1DBC1D72009B08A6 /* Products */ = {
			isa = PBXGroup;
			children = (
				4BC92FAC1DBC1D72009B08A6 /* Yelp-Search.app */,
			);
			name = Products;
			sourceTree = "<group>";
		};
		4BC92FAE1DBC1D72009B08A6 /* Yelp-Search */ = {
			isa = PBXGroup;
			children = (
				4B1F332D1DBF0C3B003A0579 /* Extensions */,
				4B1D725E1DBDCF5700A1EA53 /* Utils */,
				4B1D725A1DBDBC5100A1EA53 /* Cells */,
				4B1D725B1DBDC92E00A1EA53 /* Models */,
				4B1D72581DBDBC3300A1EA53 /* Networking */,
				4B1D72591DBDBC4000A1EA53 /* ViewControllers */,
				4BC92FAF1DBC1D72009B08A6 /* AppDelegate.swift */,
				4BC92FB31DBC1D72009B08A6 /* Main.storyboard */,
				4BC92FB61DBC1D72009B08A6 /* Assets.xcassets */,
				4BC92FB81DBC1D72009B08A6 /* LaunchScreen.storyboard */,
				4BC92FBB1DBC1D72009B08A6 /* Info.plist */,
			);
			path = "Yelp-Search";
			sourceTree = "<group>";
		};
		7753165B81F2403BE326F554 /* Pods */ = {
			isa = PBXGroup;
			children = (
				9DE65E620FF7004A338064CE /* Pods-Yelp-Search.debug.xcconfig */,
				1F2A9065542F35ADF6FD1C0E /* Pods-Yelp-Search.release.xcconfig */,
			);
			name = Pods;
			sourceTree = "<group>";
		};
		96C11EC7F9ABD49CCAB914AE /* Frameworks */ = {
			isa = PBXGroup;
			children = (
				BE9870963A4E36A5C0D99F80 /* Pods_Yelp_Search.framework */,
			);
			name = Frameworks;
			sourceTree = "<group>";
		};
/* End PBXGroup section */

/* Begin PBXNativeTarget section */
		4BC92FAB1DBC1D72009B08A6 /* Yelp-Search */ = {
			isa = PBXNativeTarget;
			buildConfigurationList = 4BC92FBE1DBC1D72009B08A6 /* Build configuration list for PBXNativeTarget "Yelp-Search" */;
			buildPhases = (
				FAD6FC82671A81D3A761FFAB /* [CP] Check Pods Manifest.lock */,
				4BC92FA81DBC1D72009B08A6 /* Sources */,
				4BC92FA91DBC1D72009B08A6 /* Frameworks */,
				4BC92FAA1DBC1D72009B08A6 /* Resources */,
				425A90653F5E2F1C38463E1B /* [CP] Embed Pods Frameworks */,
				E6B44851DABF3F35EF636D81 /* [CP] Copy Pods Resources */,
			);
			buildRules = (
			);
			dependencies = (
			);
			name = "Yelp-Search";
			productName = "Yelp-Search";
			productReference = 4BC92FAC1DBC1D72009B08A6 /* Yelp-Search.app */;
			productType = "com.apple.product-type.application";
		};
/* End PBXNativeTarget section */

/* Begin PBXProject section */
		4BC92FA41DBC1D72009B08A6 /* Project object */ = {
			isa = PBXProject;
			attributes = {
				LastSwiftUpdateCheck = 0800;
				LastUpgradeCheck = 0810;
				ORGANIZATIONNAME = ZkHaider;
				TargetAttributes = {
					4BC92FAB1DBC1D72009B08A6 = {
						CreatedOnToolsVersion = 8.0;
						DevelopmentTeam = EVL2DEPTTR;
						LastSwiftMigration = 0810;
						ProvisioningStyle = Automatic;
					};
				};
			};
			buildConfigurationList = 4BC92FA71DBC1D72009B08A6 /* Build configuration list for PBXProject "Yelp-Search" */;
			compatibilityVersion = "Xcode 3.2";
			developmentRegion = English;
			hasScannedForEncodings = 0;
			knownRegions = (
				en,
				Base,
			);
			mainGroup = 4BC92FA31DBC1D72009B08A6;
			productRefGroup = 4BC92FAD1DBC1D72009B08A6 /* Products */;
			projectDirPath = "";
			projectRoot = "";
			targets = (
				4BC92FAB1DBC1D72009B08A6 /* Yelp-Search */,
			);
		};
/* End PBXProject section */

/* Begin PBXResourcesBuildPhase section */
		4BC92FAA1DBC1D72009B08A6 /* Resources */ = {
			isa = PBXResourcesBuildPhase;
			buildActionMask = 2147483647;
			files = (
				4BC92FBA1DBC1D72009B08A6 /* LaunchScreen.storyboard in Resources */,
				4BC92FB71DBC1D72009B08A6 /* Assets.xcassets in Resources */,
				4BC92FB51DBC1D72009B08A6 /* Main.storyboard in Resources */,
			);
			runOnlyForDeploymentPostprocessing = 0;
		};
/* End PBXResourcesBuildPhase section */

/* Begin PBXShellScriptBuildPhase section */
		425A90653F5E2F1C38463E1B /* [CP] Embed Pods Frameworks */ = {
			isa = PBXShellScriptBuildPhase;
			buildActionMask = 2147483647;
			files = (
			);
			inputPaths = (
			);
			name = "[CP] Embed Pods Frameworks";
			outputPaths = (
			);
			runOnlyForDeploymentPostprocessing = 0;
			shellPath = /bin/sh;
			shellScript = "\"${SRCROOT}/Pods/Target Support Files/Pods-Yelp-Search/Pods-Yelp-Search-frameworks.sh\"\n";
			showEnvVarsInLog = 0;
		};
		E6B44851DABF3F35EF636D81 /* [CP] Copy Pods Resources */ = {
			isa = PBXShellScriptBuildPhase;
			buildActionMask = 2147483647;
			files = (
			);
			inputPaths = (
			);
			name = "[CP] Copy Pods Resources";
			outputPaths = (
			);
			runOnlyForDeploymentPostprocessing = 0;
			shellPath = /bin/sh;
			shellScript = "\"${SRCROOT}/Pods/Target Support Files/Pods-Yelp-Search/Pods-Yelp-Search-resources.sh\"\n";
			showEnvVarsInLog = 0;
		};
		FAD6FC82671A81D3A761FFAB /* [CP] Check Pods Manifest.lock */ = {
			isa = PBXShellScriptBuildPhase;
			buildActionMask = 2147483647;
			files = (
			);
			inputPaths = (
			);
			name = "[CP] Check Pods Manifest.lock";
			outputPaths = (
			);
			runOnlyForDeploymentPostprocessing = 0;
			shellPath = /bin/sh;
			shellScript = "diff \"${PODS_ROOT}/../Podfile.lock\" \"${PODS_ROOT}/Manifest.lock\" > /dev/null\nif [[ $? != 0 ]] ; then\n    cat << EOM\nerror: The sandbox is not in sync with the Podfile.lock. Run 'pod install' or update your CocoaPods installation.\nEOM\n    exit 1\nfi\n";
			showEnvVarsInLog = 0;
		};
/* End PBXShellScriptBuildPhase section */

/* Begin PBXSourcesBuildPhase section */
		4BC92FA81DBC1D72009B08A6 /* Sources */ = {
			isa = PBXSourcesBuildPhase;
			buildActionMask = 2147483647;
			files = (
				4B30A9571DC42D6500A03867 /* CategoryCell.swift in Sources */,
				4B30A95A1DC430CB00A03867 /* YelpCellType.swift in Sources */,
				4B30A95D1DC4372400A03867 /* CategoryDetailCell.swift in Sources */,
				4B30A9611DC4374E00A03867 /* SortDetailCell.swift in Sources */,
				4B1D72571DBDB7C400A1EA53 /* YelpAPI.swift in Sources */,
				4B30A9631DC486AB00A03867 /* YelpFilter.swift in Sources */,
				4B1F33231DBEFF39003A0579 /* Location.swift in Sources */,
				4B1F33271DBF09D3003A0579 /* YelpClient.swift in Sources */,
				4BC92FB21DBC1D72009B08A6 /* YelpViewController.swift in Sources */,
				4B1F332F1DBF0C48003A0579 /* UIImageView.swift in Sources */,
				4B1F33311DBF193E003A0579 /* FiltersTableViewController.swift in Sources */,
				4BC92FB01DBC1D72009B08A6 /* AppDelegate.swift in Sources */,
				4B30A9651DC4885600A03867 /* StringExtensions.swift in Sources */,
				4B1D72551DBD936500A1EA53 /* YelpCell.swift in Sources */,
				4B30A9551DC42A4C00A03867 /* DistanceCell.swift in Sources */,
				4B1D72601DBDCF6400A1EA53 /* UserDefaultsWrapper.swift in Sources */,
				4B30A9501DC4222500A03867 /* DealCell.swift in Sources */,
				4B30A9531DC4278D00A03867 /* SortCell.swift in Sources */,
				4B1D72671DBEFEDF00A1EA53 /* Coordinates.swift in Sources */,
				4B1F332C1DBF0AA0003A0579 /* Business.swift in Sources */,
				4B30A95F1DC4374100A03867 /* DistanceDetailCell.swift in Sources */,
				4B1D725D1DBDCBB100A1EA53 /* AccessToken.swift in Sources */,
				4B1D72651DBEFE8700A1EA53 /* Category.swift in Sources */,
			);
			runOnlyForDeploymentPostprocessing = 0;
		};
/* End PBXSourcesBuildPhase section */

/* Begin PBXVariantGroup section */
		4BC92FB31DBC1D72009B08A6 /* Main.storyboard */ = {
			isa = PBXVariantGroup;
			children = (
				4BC92FB41DBC1D72009B08A6 /* Base */,
			);
			name = Main.storyboard;
			sourceTree = "<group>";
		};
		4BC92FB81DBC1D72009B08A6 /* LaunchScreen.storyboard */ = {
			isa = PBXVariantGroup;
			children = (
				4BC92FB91DBC1D72009B08A6 /* Base */,
			);
			name = LaunchScreen.storyboard;
			sourceTree = "<group>";
		};
/* End PBXVariantGroup section */

/* Begin XCBuildConfiguration section */
		4BC92FBC1DBC1D72009B08A6 /* Debug */ = {
			isa = XCBuildConfiguration;
			buildSettings = {
				ALWAYS_SEARCH_USER_PATHS = NO;
				CLANG_ANALYZER_NONNULL = YES;
				CLANG_CXX_LANGUAGE_STANDARD = "gnu++0x";
				CLANG_CXX_LIBRARY = "libc++";
				CLANG_ENABLE_MODULES = YES;
				CLANG_ENABLE_OBJC_ARC = YES;
				CLANG_WARN_BOOL_CONVERSION = YES;
				CLANG_WARN_CONSTANT_CONVERSION = YES;
				CLANG_WARN_DIRECT_OBJC_ISA_USAGE = YES_ERROR;
				CLANG_WARN_DOCUMENTATION_COMMENTS = YES;
				CLANG_WARN_EMPTY_BODY = YES;
				CLANG_WARN_ENUM_CONVERSION = YES;
				CLANG_WARN_INFINITE_RECURSION = YES;
				CLANG_WARN_INT_CONVERSION = YES;
				CLANG_WARN_OBJC_ROOT_CLASS = YES_ERROR;
				CLANG_WARN_SUSPICIOUS_MOVE = YES;
				CLANG_WARN_SUSPICIOUS_MOVES = YES;
				CLANG_WARN_UNREACHABLE_CODE = YES;
				CLANG_WARN__DUPLICATE_METHOD_MATCH = YES;
				"CODE_SIGN_IDENTITY[sdk=iphoneos*]" = "iPhone Developer";
				COPY_PHASE_STRIP = NO;
				DEBUG_INFORMATION_FORMAT = dwarf;
				ENABLE_STRICT_OBJC_MSGSEND = YES;
				ENABLE_TESTABILITY = YES;
				GCC_C_LANGUAGE_STANDARD = gnu99;
				GCC_DYNAMIC_NO_PIC = NO;
				GCC_NO_COMMON_BLOCKS = YES;
				GCC_OPTIMIZATION_LEVEL = 0;
				GCC_PREPROCESSOR_DEFINITIONS = (
					"DEBUG=1",
					"$(inherited)",
				);
				GCC_WARN_64_TO_32_BIT_CONVERSION = YES;
				GCC_WARN_ABOUT_RETURN_TYPE = YES_ERROR;
				GCC_WARN_UNDECLARED_SELECTOR = YES;
				GCC_WARN_UNINITIALIZED_AUTOS = YES_AGGRESSIVE;
				GCC_WARN_UNUSED_FUNCTION = YES;
				GCC_WARN_UNUSED_VARIABLE = YES;
				IPHONEOS_DEPLOYMENT_TARGET = 10.0;
				MTL_ENABLE_DEBUG_INFO = YES;
				ONLY_ACTIVE_ARCH = YES;
				SDKROOT = iphoneos;
				SWIFT_ACTIVE_COMPILATION_CONDITIONS = DEBUG;
				SWIFT_OPTIMIZATION_LEVEL = "-Onone";
			};
			name = Debug;
		};
		4BC92FBD1DBC1D72009B08A6 /* Release */ = {
			isa = XCBuildConfiguration;
			buildSettings = {
				ALWAYS_SEARCH_USER_PATHS = NO;
				CLANG_ANALYZER_NONNULL = YES;
				CLANG_CXX_LANGUAGE_STANDARD = "gnu++0x";
				CLANG_CXX_LIBRARY = "libc++";
				CLANG_ENABLE_MODULES = YES;
				CLANG_ENABLE_OBJC_ARC = YES;
				CLANG_WARN_BOOL_CONVERSION = YES;
				CLANG_WARN_CONSTANT_CONVERSION = YES;
				CLANG_WARN_DIRECT_OBJC_ISA_USAGE = YES_ERROR;
				CLANG_WARN_DOCUMENTATION_COMMENTS = YES;
				CLANG_WARN_EMPTY_BODY = YES;
				CLANG_WARN_ENUM_CONVERSION = YES;
				CLANG_WARN_INFINITE_RECURSION = YES;
				CLANG_WARN_INT_CONVERSION = YES;
				CLANG_WARN_OBJC_ROOT_CLASS = YES_ERROR;
				CLANG_WARN_SUSPICIOUS_MOVE = YES;
				CLANG_WARN_SUSPICIOUS_MOVES = YES;
				CLANG_WARN_UNREACHABLE_CODE = YES;
				CLANG_WARN__DUPLICATE_METHOD_MATCH = YES;
				"CODE_SIGN_IDENTITY[sdk=iphoneos*]" = "iPhone Developer";
				COPY_PHASE_STRIP = NO;
				DEBUG_INFORMATION_FORMAT = "dwarf-with-dsym";
				ENABLE_NS_ASSERTIONS = NO;
				ENABLE_STRICT_OBJC_MSGSEND = YES;
				GCC_C_LANGUAGE_STANDARD = gnu99;
				GCC_NO_COMMON_BLOCKS = YES;
				GCC_WARN_64_TO_32_BIT_CONVERSION = YES;
				GCC_WARN_ABOUT_RETURN_TYPE = YES_ERROR;
				GCC_WARN_UNDECLARED_SELECTOR = YES;
				GCC_WARN_UNINITIALIZED_AUTOS = YES_AGGRESSIVE;
				GCC_WARN_UNUSED_FUNCTION = YES;
				GCC_WARN_UNUSED_VARIABLE = YES;
				IPHONEOS_DEPLOYMENT_TARGET = 10.0;
				MTL_ENABLE_DEBUG_INFO = NO;
				SDKROOT = iphoneos;
				SWIFT_OPTIMIZATION_LEVEL = "-Owholemodule";
				VALIDATE_PRODUCT = YES;
			};
			name = Release;
		};
		4BC92FBF1DBC1D72009B08A6 /* Debug */ = {
			isa = XCBuildConfiguration;
			baseConfigurationReference = 9DE65E620FF7004A338064CE /* Pods-Yelp-Search.debug.xcconfig */;
			buildSettings = {
				ALWAYS_EMBED_SWIFT_STANDARD_LIBRARIES = YES;
				ASSETCATALOG_COMPILER_APPICON_NAME = AppIcon;
				DEVELOPMENT_TEAM = EVL2DEPTTR;
				INFOPLIST_FILE = "Yelp-Search/Info.plist";
				LD_RUNPATH_SEARCH_PATHS = "$(inherited) @executable_path/Frameworks";
				PRODUCT_BUNDLE_IDENTIFIER = "com.zkhaider.Yelp-Search";
				PRODUCT_NAME = "$(TARGET_NAME)";
				SWIFT_VERSION = 3.0;
			};
			name = Debug;
		};
		4BC92FC01DBC1D72009B08A6 /* Release */ = {
			isa = XCBuildConfiguration;
			baseConfigurationReference = 1F2A9065542F35ADF6FD1C0E /* Pods-Yelp-Search.release.xcconfig */;
			buildSettings = {
				ALWAYS_EMBED_SWIFT_STANDARD_LIBRARIES = YES;
				ASSETCATALOG_COMPILER_APPICON_NAME = AppIcon;
				DEVELOPMENT_TEAM = EVL2DEPTTR;
				INFOPLIST_FILE = "Yelp-Search/Info.plist";
				LD_RUNPATH_SEARCH_PATHS = "$(inherited) @executable_path/Frameworks";
				PRODUCT_BUNDLE_IDENTIFIER = "com.zkhaider.Yelp-Search";
				PRODUCT_NAME = "$(TARGET_NAME)";
				SWIFT_VERSION = 3.0;
			};
			name = Release;
		};
/* End XCBuildConfiguration section */

/* Begin XCConfigurationList section */
		4BC92FA71DBC1D72009B08A6 /* Build configuration list for PBXProject "Yelp-Search" */ = {
			isa = XCConfigurationList;
			buildConfigurations = (
				4BC92FBC1DBC1D72009B08A6 /* Debug */,
				4BC92FBD1DBC1D72009B08A6 /* Release */,
			);
			defaultConfigurationIsVisible = 0;
			defaultConfigurationName = Release;
		};
		4BC92FBE1DBC1D72009B08A6 /* Build configuration list for PBXNativeTarget "Yelp-Search" */ = {
			isa = XCConfigurationList;
			buildConfigurations = (
				4BC92FBF1DBC1D72009B08A6 /* Debug */,
				4BC92FC01DBC1D72009B08A6 /* Release */,
			);
			defaultConfigurationIsVisible = 0;
			defaultConfigurationName = Release;
		};
/* End XCConfigurationList section */
	};
	rootObject = 4BC92FA41DBC1D72009B08A6 /* Project object */;
}
